
Microsoft Visual Studio Solution File, Format Version 12.00
# Visual Studio Version 16
VisualStudioVersion = 16.0.31205.134
MinimumVisualStudioVersion = 10.0.40219.1
Project("{FAE04EC0-301F-11D3-BF4B-00C04F79EFBC}") = "bsm208donemprojesigrup5", "bsm208donemprojesigrup5\bsm208donemprojesigrup5.csproj", "{229F14D8-3167-4EA7-84CB-E5F6610C0C21}"
EndProject
Project("{FAE04EC0-301F-11D3-BF4B-00C04F79EFBC}") = "Entities", "Entities\Entities.csproj", "{FD2C5AAE-AC04-4F64-B048-3606AB2DD04A}"
EndProject
Project("{FAE04EC0-301F-11D3-BF4B-00C04F79EFBC}") = "MicroServices", "MicroServices\MicroServices.csproj", "{55B03292-C3F3-4BE4-A08D-8E427F94F024}"
EndProject
Project("{FAE04EC0-301F-11D3-BF4B-00C04F79EFBC}") = "TestServices", "TestKullaniciServices\TestServices.csproj", "{FA1F82FF-DFCE-4A8A-B2A9-CA5BD4014555}"
EndProject
Global
	GlobalSection(SolutionConfigurationPlatforms) = preSolution
		Debug|Any CPU = Debug|Any CPU
		Release|Any CPU = Release|Any CPU
	EndGlobalSection
	GlobalSection(ProjectConfigurationPlatforms) = postSolution
		{229F14D8-3167-4EA7-84CB-E5F6610C0C21}.Debug|Any CPU.ActiveCfg = Debug|Any CPU
		{229F14D8-3167-4EA7-84CB-E5F6610C0C21}.Debug|Any CPU.Build.0 = Debug|Any CPU
		{229F14D8-3167-4EA7-84CB-E5F6610C0C21}.Release|Any CPU.ActiveCfg = Release|Any CPU
		{229F14D8-3167-4EA7-84CB-E5F6610C0C21}.Release|Any CPU.Build.0 = Release|Any CPU
		{FD2C5AAE-AC04-4F64-B048-3606AB2DD04A}.Debug|Any CPU.ActiveCfg = Debug|Any CPU
		{FD2C5AAE-AC04-4F64-B048-3606AB2DD04A}.Debug|Any CPU.Build.0 = Debug|Any CPU
		{FD2C5AAE-AC04-4F64-B048-3606AB2DD04A}.Release|Any CPU.ActiveCfg = Release|Any CPU
		{FD2C5AAE-AC04-4F64-B048-3606AB2DD04A}.Release|Any CPU.Build.0 = Release|Any CPU
		{55B03292-C3F3-4BE4-A08D-8E427F94F024}.Debug|Any CPU.ActiveCfg = Debug|Any CPU
		{55B03292-C3F3-4BE4-A08D-8E427F94F024}.Debug|Any CPU.Build.0 = Debug|Any CPU
		{55B03292-C3F3-4BE4-A08D-8E427F94F024}.Release|Any CPU.ActiveCfg = Release|Any CPU
		{55B03292-C3F3-4BE4-A08D-8E427F94F024}.Release|Any CPU.Build.0 = Release|Any CPU
		{FA1F82FF-DFCE-4A8A-B2A9-CA5BD4014555}.Debug|Any CPU.ActiveCfg = Debug|Any CPU
		{FA1F82FF-DFCE-4A8A-B2A9-CA5BD4014555}.Debug|Any CPU.Build.0 = Debug|Any CPU
		{FA1F82FF-DFCE-4A8A-B2A9-CA5BD4014555}.Release|Any CPU.ActiveCfg = Release|Any CPU
		{FA1F82FF-DFCE-4A8A-B2A9-CA5BD4014555}.Release|Any CPU.Build.0 = Release|Any CPU
	EndGlobalSection
	GlobalSection(SolutionProperties) = preSolution
		HideSolutionNode = FALSE
	EndGlobalSection
	GlobalSection(ExtensibilityGlobals) = postSolution
		SolutionGuid = {0973EB7E-2F37-46EF-8ED4-9882D88ABF35}
	EndGlobalSection
EndGlobal
